Microsoft Visual Studio Solution File, Format Version 12.00
# Visual Studio Version 17
VisualStudioVersion = 17.5.2.0
MinimumVisualStudioVersion = 10.0.40219.1
Project("{2150E333-8FDC-42A3-9474-1A3956D46DE8}") = "ben-services-platform-api", "ben-services-platform-api", "{A08BD3AD-407B-0CB1-B37E-6EA77E735E68}"
EndProject
Project("{FAE04EC0-301F-11D3-BF4B-00C04F79EFBC}") = "BenServicesPlatform.Api", "ben-services-platform-api\BenServicesPlatform.Api.csproj", "{A0702166-017E-CEA9-B0EE-AE452D93FE95}"
EndProject
Global
	GlobalSection(SolutionConfigurationPlatforms) = preSolution
		Debug|Any CPU = Debug|Any CPU
		Release|Any CPU = Release|Any CPU
	EndGlobalSection
	GlobalSection(ProjectConfigurationPlatforms) = postSolution
		{A0702166-017E-CEA9-B0EE-AE452D93FE95}.Debug|Any CPU.ActiveCfg = Debug|Any CPU
		{A0702166-017E-CEA9-B0EE-AE452D93FE95}.Debug|Any CPU.Build.0 = Debug|Any CPU
		{A0702166-017E-CEA9-B0EE-AE452D93FE95}.Release|Any CPU.ActiveCfg = Release|Any CPU
		{A0702166-017E-CEA9-B0EE-AE452D93FE95}.Release|Any CPU.Build.0 = Release|Any CPU
	EndGlobalSection
	GlobalSection(SolutionProperties) = preSolution
		HideSolutionNode = FALSE
	EndGlobalSection
	GlobalSection(NestedProjects) = preSolution
		{A0702166-017E-CEA9-B0EE-AE452D93FE95} = {A08BD3AD-407B-0CB1-B37E-6EA77E735E68}
	EndGlobalSection
	GlobalSection(ExtensibilityGlobals) = postSolution
		SolutionGuid = {1B696B2D-68AF-4E46-ADD0-28CCB2E6130B}
	EndGlobalSection
EndGlobal
